// !$*UTF8*$!
{
	archiveVersion = 1;
	classes = {
	};
	objectVersion = 55;
	objects = {

/* Begin PBXBuildFile section */
		1B2D435E277A9FA100482C04 /* ChapterView.swift in Sources */ = {isa = PBXBuildFile; fileRef = 1B2D435D277A9FA100482C04 /* ChapterView.swift */; };
		1B2D4360277AA97F00482C04 /* LatestView.swift in Sources */ = {isa = PBXBuildFile; fileRef = 1B2D435F277AA97F00482C04 /* LatestView.swift */; };
		1B2D4362277D73DD00482C04 /* LatestViewModel.swift in Sources */ = {isa = PBXBuildFile; fileRef = 1B2D4361277D73DD00482C04 /* LatestViewModel.swift */; };
		1B2D4365277D741C00482C04 /* Api.swift in Sources */ = {isa = PBXBuildFile; fileRef = 1B2D4364277D741C00482C04 /* Api.swift */; };
		1B2D436A2780EE3800482C04 /* MangaViewModel.swift in Sources */ = {isa = PBXBuildFile; fileRef = 1B2D43692780EE3800482C04 /* MangaViewModel.swift */; };
		1B2D436C2780EE5200482C04 /* MangaModel.swift in Sources */ = {isa = PBXBuildFile; fileRef = 1B2D436B2780EE5200482C04 /* MangaModel.swift */; };
		1B2D436F2780EF6400482C04 /* MangaView.swift in Sources */ = {isa = PBXBuildFile; fileRef = 1B2D436E2780EF6400482C04 /* MangaView.swift */; };
		1B3D9E9E278172FE00368D71 /* LatestModel.swift in Sources */ = {isa = PBXBuildFile; fileRef = 1B3D9E9D278172FE00368D71 /* LatestModel.swift */; };
		1B7E49402749B38A0045182F /* MangaCloudApp.swift in Sources */ = {isa = PBXBuildFile; fileRef = 1B7E493F2749B38A0045182F /* MangaCloudApp.swift */; };
		1B7E49422749B38A0045182F /* ContentView.swift in Sources */ = {isa = PBXBuildFile; fileRef = 1B7E49412749B38A0045182F /* ContentView.swift */; };
		1B7E49442749B38B0045182F /* Assets.xcassets in Resources */ = {isa = PBXBuildFile; fileRef = 1B7E49432749B38B0045182F /* Assets.xcassets */; };
		1B7E49472749B38B0045182F /* Preview Assets.xcassets in Resources */ = {isa = PBXBuildFile; fileRef = 1B7E49462749B38B0045182F /* Preview Assets.xcassets */; };
		1B7E49512749B38B0045182F /* MangaCloudTests.swift in Sources */ = {isa = PBXBuildFile; fileRef = 1B7E49502749B38B0045182F /* MangaCloudTests.swift */; };
		1B7E495B2749B38B0045182F /* MangaCloudUITests.swift in Sources */ = {isa = PBXBuildFile; fileRef = 1B7E495A2749B38B0045182F /* MangaCloudUITests.swift */; };
		1B7E495D2749B38B0045182F /* MangaCloudUITestsLaunchTests.swift in Sources */ = {isa = PBXBuildFile; fileRef = 1B7E495C2749B38B0045182F /* MangaCloudUITestsLaunchTests.swift */; };
		1BEB30992776966300359B83 /* ChapterModel.swift in Sources */ = {isa = PBXBuildFile; fileRef = 1BEB30982776966300359B83 /* ChapterModel.swift */; };
		1BEB309B277696B500359B83 /* ChapterViewModel.swift in Sources */ = {isa = PBXBuildFile; fileRef = 1BEB309A277696B500359B83 /* ChapterViewModel.swift */; };
/* End PBXBuildFile section */

/* Begin PBXContainerItemProxy section */
		1B7E494D2749B38B0045182F /* PBXContainerItemProxy */ = {
			isa = PBXContainerItemProxy;
			containerPortal = 1B7E49342749B38A0045182F /* Project object */;
			proxyType = 1;
			remoteGlobalIDString = 1B7E493B2749B38A0045182F;
			remoteInfo = MangaCloud;
		};
		1B7E49572749B38B0045182F /* PBXContainerItemProxy */ = {
			isa = PBXContainerItemProxy;
			containerPortal = 1B7E49342749B38A0045182F /* Project object */;
			proxyType = 1;
			remoteGlobalIDString = 1B7E493B2749B38A0045182F;
			remoteInfo = MangaCloud;
		};
/* End PBXContainerItemProxy section */

/* Begin PBXFileReference section */
		1B2D435D277A9FA100482C04 /* ChapterView.swift */ = {isa = PBXFileReference; lastKnownFileType = sourcecode.swift; path = ChapterView.swift; sourceTree = "<group>"; };
		1B2D435F277AA97F00482C04 /* LatestView.swift */ = {isa = PBXFileReference; lastKnownFileType = sourcecode.swift; path = LatestView.swift; sourceTree = "<group>"; };
		1B2D4361277D73DD00482C04 /* LatestViewModel.swift */ = {isa = PBXFileReference; lastKnownFileType = sourcecode.swift; path = LatestViewModel.swift; sourceTree = "<group>"; };
		1B2D4364277D741C00482C04 /* Api.swift */ = {isa = PBXFileReference; lastKnownFileType = sourcecode.swift; path = Api.swift; sourceTree = "<group>"; };
		1B2D43692780EE3800482C04 /* MangaViewModel.swift */ = {isa = PBXFileReference; lastKnownFileType = sourcecode.swift; path = MangaViewModel.swift; sourceTree = "<group>"; };
		1B2D436B2780EE5200482C04 /* MangaModel.swift */ = {isa = PBXFileReference; lastKnownFileType = sourcecode.swift; path = MangaModel.swift; sourceTree = "<group>"; };
		1B2D436E2780EF6400482C04 /* MangaView.swift */ = {isa = PBXFileReference; fileEncoding = 4; lastKnownFileType = sourcecode.swift; path = MangaView.swift; sourceTree = "<group>"; };
		1B3D9E9D278172FE00368D71 /* LatestModel.swift */ = {isa = PBXFileReference; lastKnownFileType = sourcecode.swift; path = LatestModel.swift; sourceTree = "<group>"; };
		1B7E493C2749B38A0045182F /* MangaCloud.app */ = {isa = PBXFileReference; explicitFileType = wrapper.application; includeInIndex = 0; path = MangaCloud.app; sourceTree = BUILT_PRODUCTS_DIR; };
		1B7E493F2749B38A0045182F /* MangaCloudApp.swift */ = {isa = PBXFileReference; lastKnownFileType = sourcecode.swift; path = MangaCloudApp.swift; sourceTree = "<group>"; };
		1B7E49412749B38A0045182F /* ContentView.swift */ = {isa = PBXFileReference; lastKnownFileType = sourcecode.swift; path = ContentView.swift; sourceTree = "<group>"; };
		1B7E49432749B38B0045182F /* Assets.xcassets */ = {isa = PBXFileReference; lastKnownFileType = folder.assetcatalog; path = Assets.xcassets; sourceTree = "<group>"; };
		1B7E49462749B38B0045182F /* Preview Assets.xcassets */ = {isa = PBXFileReference; lastKnownFileType = folder.assetcatalog; path = "Preview Assets.xcassets"; sourceTree = "<group>"; };
		1B7E494C2749B38B0045182F /* MangaCloudTests.xctest */ = {isa = PBXFileReference; explicitFileType = wrapper.cfbundle; includeInIndex = 0; path = MangaCloudTests.xctest; sourceTree = BUILT_PRODUCTS_DIR; };
		1B7E49502749B38B0045182F /* MangaCloudTests.swift */ = {isa = PBXFileReference; lastKnownFileType = sourcecode.swift; path = MangaCloudTests.swift; sourceTree = "<group>"; };
		1B7E49562749B38B0045182F /* MangaCloudUITests.xctest */ = {isa = PBXFileReference; explicitFileType = wrapper.cfbundle; includeInIndex = 0; path = MangaCloudUITests.xctest; sourceTree = BUILT_PRODUCTS_DIR; };
		1B7E495A2749B38B0045182F /* MangaCloudUITests.swift */ = {isa = PBXFileReference; lastKnownFileType = sourcecode.swift; path = MangaCloudUITests.swift; sourceTree = "<group>"; };
		1B7E495C2749B38B0045182F /* MangaCloudUITestsLaunchTests.swift */ = {isa = PBXFileReference; lastKnownFileType = sourcecode.swift; path = MangaCloudUITestsLaunchTests.swift; sourceTree = "<group>"; };
		1BEB30982776966300359B83 /* ChapterModel.swift */ = {isa = PBXFileReference; lastKnownFileType = sourcecode.swift; path = ChapterModel.swift; sourceTree = "<group>"; };
		1BEB309A277696B500359B83 /* ChapterViewModel.swift */ = {isa = PBXFileReference; lastKnownFileType = sourcecode.swift; name = ChapterViewModel.swift; path = "MangaCloud/Manga Chapter/ChapterViewModel.swift"; sourceTree = SOURCE_ROOT; };
/* End PBXFileReference section */

/* Begin PBXFrameworksBuildPhase section */
		1B7E49392749B38A0045182F /* Frameworks */ = {
			isa = PBXFrameworksBuildPhase;
			buildActionMask = 2147483647;
			files = (
			);
			runOnlyForDeploymentPostprocessing = 0;
		};
		1B7E49492749B38B0045182F /* Frameworks */ = {
			isa = PBXFrameworksBuildPhase;
			buildActionMask = 2147483647;
			files = (
			);
			runOnlyForDeploymentPostprocessing = 0;
		};
		1B7E49532749B38B0045182F /* Frameworks */ = {
			isa = PBXFrameworksBuildPhase;
			buildActionMask = 2147483647;
			files = (
			);
			runOnlyForDeploymentPostprocessing = 0;
		};
/* End PBXFrameworksBuildPhase section */

/* Begin PBXGroup section */
		1B2D4363277D740000482C04 /* Api */ = {
			isa = PBXGroup;
			children = (
				1B2D4364277D741C00482C04 /* Api.swift */,
			);
			path = Api;
			sourceTree = "<group>";
		};
		1B2D43682780ED9400482C04 /* Manga Info */ = {
			isa = PBXGroup;
			children = (
				1B2D436E2780EF6400482C04 /* MangaView.swift */,
				1B2D43692780EE3800482C04 /* MangaViewModel.swift */,
				1B2D436B2780EE5200482C04 /* MangaModel.swift */,
			);
			path = "Manga Info";
			sourceTree = "<group>";
		};
		1B2D436D2780EE5C00482C04 /* Manga Chapter */ = {
			isa = PBXGroup;
			children = (
				1B2D435D277A9FA100482C04 /* ChapterView.swift */,
				1BEB309A277696B500359B83 /* ChapterViewModel.swift */,
				1BEB30982776966300359B83 /* ChapterModel.swift */,
			);
			path = "Manga Chapter";
			sourceTree = "<group>";
		};
		1B3D9E9F2781767400368D71 /* Latest Manga */ = {
			isa = PBXGroup;
			children = (
				1B2D435F277AA97F00482C04 /* LatestView.swift */,
				1B2D4361277D73DD00482C04 /* LatestViewModel.swift */,
				1B3D9E9D278172FE00368D71 /* LatestModel.swift */,
			);
			path = "Latest Manga";
			sourceTree = "<group>";
		};
		1B7E49332749B38A0045182F = {
			isa = PBXGroup;
			children = (
				1B7E493E2749B38A0045182F /* MangaCloud */,
				1B7E494F2749B38B0045182F /* MangaCloudTests */,
				1B7E49592749B38B0045182F /* MangaCloudUITests */,
				1B7E493D2749B38A0045182F /* Products */,
			);
			sourceTree = "<group>";
		};
		1B7E493D2749B38A0045182F /* Products */ = {
			isa = PBXGroup;
			children = (
				1B7E493C2749B38A0045182F /* MangaCloud.app */,
				1B7E494C2749B38B0045182F /* MangaCloudTests.xctest */,
				1B7E49562749B38B0045182F /* MangaCloudUITests.xctest */,
			);
			name = Products;
			sourceTree = "<group>";
		};
		1B7E493E2749B38A0045182F /* MangaCloud */ = {
			isa = PBXGroup;
			children = (
				1B3D9E9F2781767400368D71 /* Latest Manga */,
				1B2D436D2780EE5C00482C04 /* Manga Chapter */,
				1B2D43682780ED9400482C04 /* Manga Info */,
				1B2D4363277D740000482C04 /* Api */,
				1B7E49412749B38A0045182F /* ContentView.swift */,
				1B7E493F2749B38A0045182F /* MangaCloudApp.swift */,
				1B7E49432749B38B0045182F /* Assets.xcassets */,
				1B7E49452749B38B0045182F /* Preview Content */,
			);
			path = MangaCloud;
			sourceTree = "<group>";
		};
		1B7E49452749B38B0045182F /* Preview Content */ = {
			isa = PBXGroup;
			children = (
				1B7E49462749B38B0045182F /* Preview Assets.xcassets */,
			);
			path = "Preview Content";
			sourceTree = "<group>";
		};
		1B7E494F2749B38B0045182F /* MangaCloudTests */ = {
			isa = PBXGroup;
			children = (
				1B7E49502749B38B0045182F /* MangaCloudTests.swift */,
			);
			path = MangaCloudTests;
			sourceTree = "<group>";
		};
		1B7E49592749B38B0045182F /* MangaCloudUITests */ = {
			isa = PBXGroup;
			children = (
				1B7E495A2749B38B0045182F /* MangaCloudUITests.swift */,
				1B7E495C2749B38B0045182F /* MangaCloudUITestsLaunchTests.swift */,
			);
			path = MangaCloudUITests;
			sourceTree = "<group>";
		};
/* End PBXGroup section */

/* Begin PBXNativeTarget section */
		1B7E493B2749B38A0045182F /* MangaCloud */ = {
			isa = PBXNativeTarget;
			buildConfigurationList = 1B7E49602749B38B0045182F /* Build configuration list for PBXNativeTarget "MangaCloud" */;
			buildPhases = (
				1B7E49382749B38A0045182F /* Sources */,
				1B7E49392749B38A0045182F /* Frameworks */,
				1B7E493A2749B38A0045182F /* Resources */,
			);
			buildRules = (
			);
			dependencies = (
			);
			name = MangaCloud;
			productName = MangaCloud;
			productReference = 1B7E493C2749B38A0045182F /* MangaCloud.app */;
			productType = "com.apple.product-type.application";
		};
		1B7E494B2749B38B0045182F /* MangaCloudTests */ = {
			isa = PBXNativeTarget;
			buildConfigurationList = 1B7E49632749B38B0045182F /* Build configuration list for PBXNativeTarget "MangaCloudTests" */;
			buildPhases = (
				1B7E49482749B38B0045182F /* Sources */,
				1B7E49492749B38B0045182F /* Frameworks */,
				1B7E494A2749B38B0045182F /* Resources */,
			);
			buildRules = (
			);
			dependencies = (
				1B7E494E2749B38B0045182F /* PBXTargetDependency */,
			);
			name = MangaCloudTests;
			productName = MangaCloudTests;
			productReference = 1B7E494C2749B38B0045182F /* MangaCloudTests.xctest */;
			productType = "com.apple.product-type.bundle.unit-test";
		};
		1B7E49552749B38B0045182F /* MangaCloudUITests */ = {
			isa = PBXNativeTarget;
			buildConfigurationList = 1B7E49662749B38B0045182F /* Build configuration list for PBXNativeTarget "MangaCloudUITests" */;
			buildPhases = (
				1B7E49522749B38B0045182F /* Sources */,
				1B7E49532749B38B0045182F /* Frameworks */,
				1B7E49542749B38B0045182F /* Resources */,
			);
			buildRules = (
			);
			dependencies = (
				1B7E49582749B38B0045182F /* PBXTargetDependency */,
			);
			name = MangaCloudUITests;
			productName = MangaCloudUITests;
			productReference = 1B7E49562749B38B0045182F /* MangaCloudUITests.xctest */;
			productType = "com.apple.product-type.bundle.ui-testing";
		};
/* End PBXNativeTarget section */

/* Begin PBXProject section */
		1B7E49342749B38A0045182F /* Project object */ = {
			isa = PBXProject;
			attributes = {
				BuildIndependentTargetsInParallel = 1;
				LastSwiftUpdateCheck = 1310;
				LastUpgradeCheck = 1310;
				TargetAttributes = {
					1B7E493B2749B38A0045182F = {
						CreatedOnToolsVersion = 13.1;
					};
					1B7E494B2749B38B0045182F = {
						CreatedOnToolsVersion = 13.1;
						TestTargetID = 1B7E493B2749B38A0045182F;
					};
					1B7E49552749B38B0045182F = {
						CreatedOnToolsVersion = 13.1;
						TestTargetID = 1B7E493B2749B38A0045182F;
					};
				};
			};
			buildConfigurationList = 1B7E49372749B38A0045182F /* Build configuration list for PBXProject "MangaCloud" */;
			compatibilityVersion = "Xcode 13.0";
			developmentRegion = en;
			hasScannedForEncodings = 0;
			knownRegions = (
				en,
				Base,
			);
			mainGroup = 1B7E49332749B38A0045182F;
			productRefGroup = 1B7E493D2749B38A0045182F /* Products */;
			projectDirPath = "";
			projectRoot = "";
			targets = (
				1B7E493B2749B38A0045182F /* MangaCloud */,
				1B7E494B2749B38B0045182F /* MangaCloudTests */,
				1B7E49552749B38B0045182F /* MangaCloudUITests */,
			);
		};
/* End PBXProject section */

/* Begin PBXResourcesBuildPhase section */
		1B7E493A2749B38A0045182F /* Resources */ = {
			isa = PBXResourcesBuildPhase;
			buildActionMask = 2147483647;
			files = (
				1B7E49472749B38B0045182F /* Preview Assets.xcassets in Resources */,
				1B7E49442749B38B0045182F /* Assets.xcassets in Resources */,
			);
			runOnlyForDeploymentPostprocessing = 0;
		};
		1B7E494A2749B38B0045182F /* Resources */ = {
			isa = PBXResourcesBuildPhase;
			buildActionMask = 2147483647;
			files = (
			);
			runOnlyForDeploymentPostprocessing = 0;
		};
		1B7E49542749B38B0045182F /* Resources */ = {
			isa = PBXResourcesBuildPhase;
			buildActionMask = 2147483647;
			files = (
			);
			runOnlyForDeploymentPostprocessing = 0;
		};
/* End PBXResourcesBuildPhase section */

/* Begin PBXSourcesBuildPhase section */
		1B7E49382749B38A0045182F /* Sources */ = {
			isa = PBXSourcesBuildPhase;
			buildActionMask = 2147483647;
			files = (
				1BEB309B277696B500359B83 /* ChapterViewModel.swift in Sources */,
				1B2D4362277D73DD00482C04 /* LatestViewModel.swift in Sources */,
				1B2D4360277AA97F00482C04 /* LatestView.swift in Sources */,
				1B2D436A2780EE3800482C04 /* MangaViewModel.swift in Sources */,
				1B7E49422749B38A0045182F /* ContentView.swift in Sources */,
				1B7E49402749B38A0045182F /* MangaCloudApp.swift in Sources */,
				1BEB30992776966300359B83 /* ChapterModel.swift in Sources */,
				1B2D4365277D741C00482C04 /* Api.swift in Sources */,
				1B2D436F2780EF6400482C04 /* MangaView.swift in Sources */,
				1B2D435E277A9FA100482C04 /* ChapterView.swift in Sources */,
				1B3D9E9E278172FE00368D71 /* LatestModel.swift in Sources */,
				1B2D436C2780EE5200482C04 /* MangaModel.swift in Sources */,
			);
			runOnlyForDeploymentPostprocessing = 0;
		};
		1B7E49482749B38B0045182F /* Sources */ = {
			isa = PBXSourcesBuildPhase;
			buildActionMask = 2147483647;
			files = (
				1B7E49512749B38B0045182F /* MangaCloudTests.swift in Sources */,
			);
			runOnlyForDeploymentPostprocessing = 0;
		};
		1B7E49522749B38B0045182F /* Sources */ = {
			isa = PBXSourcesBuildPhase;
			buildActionMask = 2147483647;
			files = (
				1B7E495B2749B38B0045182F /* MangaCloudUITests.swift in Sources */,
				1B7E495D2749B38B0045182F /* MangaCloudUITestsLaunchTests.swift in Sources */,
			);
			runOnlyForDeploymentPostprocessing = 0;
		};
/* End PBXSourcesBuildPhase section */

/* Begin PBXTargetDependency section */
		1B7E494E2749B38B0045182F /* PBXTargetDependency */ = {
			isa = PBXTargetDependency;
			target = 1B7E493B2749B38A0045182F /* MangaCloud */;
			targetProxy = 1B7E494D2749B38B0045182F /* PBXContainerItemProxy */;
		};
		1B7E49582749B38B0045182F /* PBXTargetDependency */ = {
			isa = PBXTargetDependency;
			target = 1B7E493B2749B38A0045182F /* MangaCloud */;
			targetProxy = 1B7E49572749B38B0045182F /* PBXContainerItemProxy */;
		};
/* End PBXTargetDependency section */

/* Begin XCBuildConfiguration section */
		1B7E495E2749B38B0045182F /* Debug */ = {
			isa = XCBuildConfiguration;
			buildSettings = {
				ALWAYS_SEARCH_USER_PATHS = NO;
				CLANG_ANALYZER_NONNULL = YES;
				CLANG_ANALYZER_NUMBER_OBJECT_CONVERSION = YES_AGGRESSIVE;
				CLANG_CXX_LANGUAGE_STANDARD = "gnu++17";
				CLANG_CXX_LIBRARY = "libc++";
				CLANG_ENABLE_MODULES = YES;
				CLANG_ENABLE_OBJC_ARC = YES;
				CLANG_ENABLE_OBJC_WEAK = YES;
				CLANG_WARN_BLOCK_CAPTURE_AUTORELEASING = YES;
				CLANG_WARN_BOOL_CONVERSION = YES;
				CLANG_WARN_COMMA = YES;
				CLANG_WARN_CONSTANT_CONVERSION = YES;
				CLANG_WARN_DEPRECATED_OBJC_IMPLEMENTATIONS = YES;
				CLANG_WARN_DIRECT_OBJC_ISA_USAGE = YES_ERROR;
				CLANG_WARN_DOCUMENTATION_COMMENTS = YES;
				CLANG_WARN_EMPTY_BODY = YES;
				CLANG_WARN_ENUM_CONVERSION = YES;
				CLANG_WARN_INFINITE_RECURSION = YES;
				CLANG_WARN_INT_CONVERSION = YES;
				CLANG_WARN_NON_LITERAL_NULL_CONVERSION = YES;
				CLANG_WARN_OBJC_IMPLICIT_RETAIN_SELF = YES;
				CLANG_WARN_OBJC_LITERAL_CONVERSION = YES;
				CLANG_WARN_OBJC_ROOT_CLASS = YES_ERROR;
				CLANG_WARN_QUOTED_INCLUDE_IN_FRAMEWORK_HEADER = YES;
				CLANG_WARN_RANGE_LOOP_ANALYSIS = YES;
				CLANG_WARN_STRICT_PROTOTYPES = YES;
				CLANG_WARN_SUSPICIOUS_MOVE = YES;
				CLANG_WARN_UNGUARDED_AVAILABILITY = YES_AGGRESSIVE;
				CLANG_WARN_UNREACHABLE_CODE = YES;
				CLANG_WARN__DUPLICATE_METHOD_MATCH = YES;
				COPY_PHASE_STRIP = NO;
				DEBUG_INFORMATION_FORMAT = dwarf;
				ENABLE_STRICT_OBJC_MSGSEND = YES;
				ENABLE_TESTABILITY = YES;
				GCC_C_LANGUAGE_STANDARD = gnu11;
				GCC_DYNAMIC_NO_PIC = NO;
				GCC_NO_COMMON_BLOCKS = YES;
				GCC_OPTIMIZATION_LEVEL = 0;
				GCC_PREPROCESSOR_DEFINITIONS = (
					"DEBUG=1",
					"$(inherited)",
				);
				GCC_WARN_64_TO_32_BIT_CONVERSION = YES;
				GCC_WARN_ABOUT_RETURN_TYPE = YES_ERROR;
				GCC_WARN_UNDECLARED_SELECTOR = YES;
				GCC_WARN_UNINITIALIZED_AUTOS = YES_AGGRESSIVE;
				GCC_WARN_UNUSED_FUNCTION = YES;
				GCC_WARN_UNUSED_VARIABLE = YES;
				IPHONEOS_DEPLOYMENT_TARGET = 15.0;
				MTL_ENABLE_DEBUG_INFO = INCLUDE_SOURCE;
				MTL_FAST_MATH = YES;
				ONLY_ACTIVE_ARCH = YES;
				SDKROOT = iphoneos;
				SWIFT_ACTIVE_COMPILATION_CONDITIONS = DEBUG;
				SWIFT_OPTIMIZATION_LEVEL = "-Onone";
			};
			name = Debug;
		};
		1B7E495F2749B38B0045182F /* Release */ = {
			isa = XCBuildConfiguration;
			buildSettings = {
				ALWAYS_SEARCH_USER_PATHS = NO;
				CLANG_ANALYZER_NONNULL = YES;
				CLANG_ANALYZER_NUMBER_OBJECT_CONVERSION = YES_AGGRESSIVE;
				CLANG_CXX_LANGUAGE_STANDARD = "gnu++17";
				CLANG_CXX_LIBRARY = "libc++";
				CLANG_ENABLE_MODULES = YES;
				CLANG_ENABLE_OBJC_ARC = YES;
				CLANG_ENABLE_OBJC_WEAK = YES;
				CLANG_WARN_BLOCK_CAPTURE_AUTORELEASING = YES;
				CLANG_WARN_BOOL_CONVERSION = YES;
				CLANG_WARN_COMMA = YES;
				CLANG_WARN_CONSTANT_CONVERSION = YES;
				CLANG_WARN_DEPRECATED_OBJC_IMPLEMENTATIONS = YES;
				CLANG_WARN_DIRECT_OBJC_ISA_USAGE = YES_ERROR;
				CLANG_WARN_DOCUMENTATION_COMMENTS = YES;
				CLANG_WARN_EMPTY_BODY = YES;
				CLANG_WARN_ENUM_CONVERSION = YES;
				CLANG_WARN_INFINITE_RECURSION = YES;
				CLANG_WARN_INT_CONVERSION = YES;
				CLANG_WARN_NON_LITERAL_NULL_CONVERSION = YES;
				CLANG_WARN_OBJC_IMPLICIT_RETAIN_SELF = YES;
				CLANG_WARN_OBJC_LITERAL_CONVERSION = YES;
				CLANG_WARN_OBJC_ROOT_CLASS = YES_ERROR;
				CLANG_WARN_QUOTED_INCLUDE_IN_FRAMEWORK_HEADER = YES;
				CLANG_WARN_RANGE_LOOP_ANALYSIS = YES;
				CLANG_WARN_STRICT_PROTOTYPES = YES;
				CLANG_WARN_SUSPICIOUS_MOVE = YES;
				CLANG_WARN_UNGUARDED_AVAILABILITY = YES_AGGRESSIVE;
				CLANG_WARN_UNREACHABLE_CODE = YES;
				CLANG_WARN__DUPLICATE_METHOD_MATCH = YES;
				COPY_PHASE_STRIP = NO;
				DEBUG_INFORMATION_FORMAT = "dwarf-with-dsym";
				ENABLE_NS_ASSERTIONS = NO;
				ENABLE_STRICT_OBJC_MSGSEND = YES;
				GCC_C_LANGUAGE_STANDARD = gnu11;
				GCC_NO_COMMON_BLOCKS = YES;
				GCC_WARN_64_TO_32_BIT_CONVERSION = YES;
				GCC_WARN_ABOUT_RETURN_TYPE = YES_ERROR;
				GCC_WARN_UNDECLARED_SELECTOR = YES;
				GCC_WARN_UNINITIALIZED_AUTOS = YES_AGGRESSIVE;
				GCC_WARN_UNUSED_FUNCTION = YES;
				GCC_WARN_UNUSED_VARIABLE = YES;
				IPHONEOS_DEPLOYMENT_TARGET = 15.0;
				MTL_ENABLE_DEBUG_INFO = NO;
				MTL_FAST_MATH = YES;
				SDKROOT = iphoneos;
				SWIFT_COMPILATION_MODE = wholemodule;
				SWIFT_OPTIMIZATION_LEVEL = "-O";
				VALIDATE_PRODUCT = YES;
			};
			name = Release;
		};
		1B7E49612749B38B0045182F /* Debug */ = {
			isa = XCBuildConfiguration;
			buildSettings = {
				ASSETCATALOG_COMPILER_APPICON_NAME = AppIcon;
				ASSETCATALOG_COMPILER_GLOBAL_ACCENT_COLOR_NAME = AccentColor;
				CODE_SIGN_STYLE = Automatic;
				CURRENT_PROJECT_VERSION = 1;
				DEVELOPMENT_ASSET_PATHS = "\"MangaCloud/Preview Content\"";
				DEVELOPMENT_TEAM = R6TTKT49WT;
				ENABLE_PREVIEWS = YES;
				GENERATE_INFOPLIST_FILE = YES;
				INFOPLIST_KEY_UIApplicationSceneManifest_Generation = YES;
				INFOPLIST_KEY_UIApplicationSupportsIndirectInputEvents = YES;
				INFOPLIST_KEY_UILaunchScreen_Generation = YES;
				INFOPLIST_KEY_UISupportedInterfaceOrientations_iPad = "UIInterfaceOrientationPortrait UIInterfaceOrientationPortraitUpsideDown UIInterfaceOrientationLandscapeLeft UIInterfaceOrientationLandscapeRight";
				INFOPLIST_KEY_UISupportedInterfaceOrientations_iPhone = "UIInterfaceOrientationPortrait UIInterfaceOrientationLandscapeLeft UIInterfaceOrientationLandscapeRight";
				LD_RUNPATH_SEARCH_PATHS = (
					"$(inherited)",
					"@executable_path/Frameworks",
				);
				MARKETING_VERSION = 1.0;
				PRODUCT_BUNDLE_IDENTIFIER = tech.richardhuang.MangaCloud;
				PRODUCT_NAME = "$(TARGET_NAME)";
				SWIFT_EMIT_LOC_STRINGS = YES;
				SWIFT_VERSION = 5.0;
				TARGETED_DEVICE_FAMILY = "1,2";
			};
			name = Debug;
		};
		1B7E49622749B38B0045182F /* Release */ = {
			isa = XCBuildConfiguration;
			buildSettings = {
				ASSETCATALOG_COMPILER_APPICON_NAME = AppIcon;
				ASSETCATALOG_COMPILER_GLOBAL_ACCENT_COLOR_NAME = AccentColor;
				CODE_SIGN_STYLE = Automatic;
				CURRENT_PROJECT_VERSION = 1;
				DEVELOPMENT_ASSET_PATHS = "\"MangaCloud/Preview Content\"";
				DEVELOPMENT_TEAM = R6TTKT49WT;
				ENABLE_PREVIEWS = YES;
				GENERATE_INFOPLIST_FILE = YES;
				INFOPLIST_KEY_UIApplicationSceneManifest_Generation = YES;
				INFOPLIST_KEY_UIApplicationSupportsIndirectInputEvents = YES;
				INFOPLIST_KEY_UILaunchScreen_Generation = YES;
				INFOPLIST_KEY_UISupportedInterfaceOrientations_iPad = "UIInterfaceOrientationPortrait UIInterfaceOrientationPortraitUpsideDown UIInterfaceOrientationLandscapeLeft UIInterfaceOrientationLandscapeRight";
				INFOPLIST_KEY_UISupportedInterfaceOrientations_iPhone = "UIInterfaceOrientationPortrait UIInterfaceOrientationLandscapeLeft UIInterfaceOrientationLandscapeRight";
				LD_RUNPATH_SEARCH_PATHS = (
					"$(inherited)",
					"@executable_path/Frameworks",
				);
				MARKETING_VERSION = 1.0;
				PRODUCT_BUNDLE_IDENTIFIER = tech.richardhuang.MangaCloud;
				PRODUCT_NAME = "$(TARGET_NAME)";
				SWIFT_EMIT_LOC_STRINGS = YES;
				SWIFT_VERSION = 5.0;
				TARGETED_DEVICE_FAMILY = "1,2";
			};
			name = Release;
		};
		1B7E49642749B38B0045182F /* Debug */ = {
			isa = XCBuildConfiguration;
			buildSettings = {
				ALWAYS_EMBED_SWIFT_STANDARD_LIBRARIES = YES;
				BUNDLE_LOADER = "$(TEST_HOST)";
				CODE_SIGN_STYLE = Automatic;
				CURRENT_PROJECT_VERSION = 1;
				DEVELOPMENT_TEAM = Z99V2Z2WVU;
				GENERATE_INFOPLIST_FILE = YES;
				IPHONEOS_DEPLOYMENT_TARGET = 15.0;
				LD_RUNPATH_SEARCH_PATHS = (
					"$(inherited)",
					"@executable_path/Frameworks",
					"@loader_path/Frameworks",
				);
				MARKETING_VERSION = 1.0;
				PRODUCT_BUNDLE_IDENTIFIER = tech.jeffreyhuang.MangaCloudTests;
				PRODUCT_NAME = "$(TARGET_NAME)";
				SWIFT_EMIT_LOC_STRINGS = NO;
				SWIFT_VERSION = 5.0;
				TARGETED_DEVICE_FAMILY = "1,2";
				TEST_HOST = "$(BUILT_PRODUCTS_DIR)/MangaCloud.app/MangaCloud";
			};
			name = Debug;
		};
		1B7E49652749B38B0045182F /* Release */ = {
			isa = XCBuildConfiguration;
			buildSettings = {
				ALWAYS_EMBED_SWIFT_STANDARD_LIBRARIES = YES;
				BUNDLE_LOADER = "$(TEST_HOST)";
				CODE_SIGN_STYLE = Automatic;
				CURRENT_PROJECT_VERSION = 1;
				DEVELOPMENT_TEAM = Z99V2Z2WVU;
				GENERATE_INFOPLIST_FILE = YES;
				IPHONEOS_DEPLOYMENT_TARGET = 15.0;
				LD_RUNPATH_SEARCH_PATHS = (
					"$(inherited)",
					"@executable_path/Frameworks",
					"@loader_path/Frameworks",
				);
				MARKETING_VERSION = 1.0;
				PRODUCT_BUNDLE_IDENTIFIER = tech.jeffreyhuang.MangaCloudTests;
				PRODUCT_NAME = "$(TARGET_NAME)";
				SWIFT_EMIT_LOC_STRINGS = NO;
				SWIFT_VERSION = 5.0;
				TARGETED_DEVICE_FAMILY = "1,2";
				TEST_HOST = "$(BUILT_PRODUCTS_DIR)/MangaCloud.app/MangaCloud";
			};
			name = Release;
		};
		1B7E49672749B38B0045182F /* Debug */ = {
			isa = XCBuildConfiguration;
			buildSettings = {
				ALWAYS_EMBED_SWIFT_STANDARD_LIBRARIES = YES;
				CODE_SIGN_STYLE = Automatic;
				CURRENT_PROJECT_VERSION = 1;
				DEVELOPMENT_TEAM = Z99V2Z2WVU;
				GENERATE_INFOPLIST_FILE = YES;
				LD_RUNPATH_SEARCH_PATHS = (
					"$(inherited)",
					"@executable_path/Frameworks",
					"@loader_path/Frameworks",
				);
				MARKETING_VERSION = 1.0;
				PRODUCT_BUNDLE_IDENTIFIER = tech.jeffreyhuang.MangaCloudUITests;
				PRODUCT_NAME = "$(TARGET_NAME)";
				SWIFT_EMIT_LOC_STRINGS = NO;
				SWIFT_VERSION = 5.0;
				TARGETED_DEVICE_FAMILY = "1,2";
				TEST_TARGET_NAME = MangaCloud;
			};
			name = Debug;
		};
		1B7E49682749B38B0045182F /* Release */ = {
			isa = XCBuildConfiguration;
			buildSettings = {
				ALWAYS_EMBED_SWIFT_STANDARD_LIBRARIES = YES;
				CODE_SIGN_STYLE = Automatic;
				CURRENT_PROJECT_VERSION = 1;
				DEVELOPMENT_TEAM = Z99V2Z2WVU;
				GENERATE_INFOPLIST_FILE = YES;
				LD_RUNPATH_SEARCH_PATHS = (
					"$(inherited)",
					"@executable_path/Frameworks",
					"@loader_path/Frameworks",
				);
				MARKETING_VERSION = 1.0;
				PRODUCT_BUNDLE_IDENTIFIER = tech.jeffreyhuang.MangaCloudUITests;
				PRODUCT_NAME = "$(TARGET_NAME)";
				SWIFT_EMIT_LOC_STRINGS = NO;
				SWIFT_VERSION = 5.0;
				TARGETED_DEVICE_FAMILY = "1,2";
				TEST_TARGET_NAME = MangaCloud;
			};
			name = Release;
		};
/* End XCBuildConfiguration section */

/* Begin XCConfigurationList section */
		1B7E49372749B38A0045182F /* Build configuration list for PBXProject "MangaCloud" */ = {
			isa = XCConfigurationList;
			buildConfigurations = (
				1B7E495E2749B38B0045182F /* Debug */,
				1B7E495F2749B38B0045182F /* Release */,
			);
			defaultConfigurationIsVisible = 0;
			defaultConfigurationName = Release;
		};
		1B7E49602749B38B0045182F /* Build configuration list for PBXNativeTarget "MangaCloud" */ = {
			isa = XCConfigurationList;
			buildConfigurations = (
				1B7E49612749B38B0045182F /* Debug */,
				1B7E49622749B38B0045182F /* Release */,
			);
			defaultConfigurationIsVisible = 0;
			defaultConfigurationName = Release;
		};
		1B7E49632749B38B0045182F /* Build configuration list for PBXNativeTarget "MangaCloudTests" */ = {
			isa = XCConfigurationList;
			buildConfigurations = (
				1B7E49642749B38B0045182F /* Debug */,
				1B7E49652749B38B0045182F /* Release */,
			);
			defaultConfigurationIsVisible = 0;
			defaultConfigurationName = Release;
		};
		1B7E49662749B38B0045182F /* Build configuration list for PBXNativeTarget "MangaCloudUITests" */ = {
			isa = XCConfigurationList;
			buildConfigurations = (
				1B7E49672749B38B0045182F /* Debug */,
				1B7E49682749B38B0045182F /* Release */,
			);
			defaultConfigurationIsVisible = 0;
			defaultConfigurationName = Release;
		};
/* End XCConfigurationList section */
	};
	rootObject = 1B7E49342749B38A0045182F /* Project object */;
}
